
Microsoft Visual Studio Solution File, Format Version 12.00
# Visual Studio Version 17
VisualStudioVersion = 17.11.35312.102
MinimumVisualStudioVersion = 10.0.40219.1
Project("{FAE04EC0-301F-11D3-BF4B-00C04F79EFBC}") = "FatoraX", "FatoraX.csproj", "{B0DB3919-CFE7-4AF8-89D0-111359530B9D}"
EndProject
Project("{FAE04EC0-301F-11D3-BF4B-00C04F79EFBC}") = "FX_Buisness", "..\FX_Buisness\FX_Buisness.csproj", "{CC3B6FED-B7A5-4DC8-9CE0-9A7A01DF466C}"
EndProject
Project("{FAE04EC0-301F-11D3-BF4B-00C04F79EFBC}") = "FX_DataAccess", "..\FX_DataAccess\FX_DataAccess.csproj", "{360E4249-C3E4-4D83-AB23-E83B5044DCDB}"
EndProject
Global
	GlobalSection(SolutionConfigurationPlatforms) = preSolution
		Debug|Any CPU = Debug|Any CPU
		Release|Any CPU = Release|Any CPU
	EndGlobalSection
	GlobalSection(ProjectConfigurationPlatforms) = postSolution
		{B0DB3919-CFE7-4AF8-89D0-111359530B9D}.Debug|Any CPU.ActiveCfg = Debug|Any CPU
		{B0DB3919-CFE7-4AF8-89D0-111359530B9D}.Debug|Any CPU.Build.0 = Debug|Any CPU
		{B0DB3919-CFE7-4AF8-89D0-111359530B9D}.Release|Any CPU.ActiveCfg = Release|Any CPU
		{B0DB3919-CFE7-4AF8-89D0-111359530B9D}.Release|Any CPU.Build.0 = Release|Any CPU
		{CC3B6FED-B7A5-4DC8-9CE0-9A7A01DF466C}.Debug|Any CPU.ActiveCfg = Debug|Any CPU
		{CC3B6FED-B7A5-4DC8-9CE0-9A7A01DF466C}.Debug|Any CPU.Build.0 = Debug|Any CPU
		{CC3B6FED-B7A5-4DC8-9CE0-9A7A01DF466C}.Release|Any CPU.ActiveCfg = Release|Any CPU
		{CC3B6FED-B7A5-4DC8-9CE0-9A7A01DF466C}.Release|Any CPU.Build.0 = Release|Any CPU
		{360E4249-C3E4-4D83-AB23-E83B5044DCDB}.Debug|Any CPU.ActiveCfg = Debug|Any CPU
		{360E4249-C3E4-4D83-AB23-E83B5044DCDB}.Debug|Any CPU.Build.0 = Debug|Any CPU
		{360E4249-C3E4-4D83-AB23-E83B5044DCDB}.Release|Any CPU.ActiveCfg = Release|Any CPU
		{360E4249-C3E4-4D83-AB23-E83B5044DCDB}.Release|Any CPU.Build.0 = Release|Any CPU
	EndGlobalSection
	GlobalSection(SolutionProperties) = preSolution
		HideSolutionNode = FALSE
	EndGlobalSection
	GlobalSection(ExtensibilityGlobals) = postSolution
		SolutionGuid = {458606E2-8B21-40FB-8CF4-2BA1B66B22CC}
	EndGlobalSection
EndGlobal
